
Microsoft Visual Studio Solution File, Format Version 12.00
# Visual Studio Version 18
VisualStudioVersion = 18.0.11217.181
MinimumVisualStudioVersion = 10.0.40219.1
Project("{FAE04EC0-301F-11D3-BF4B-00C04F79EFBC}") = "FindjobnuService", "findjobnuAPI\FindjobnuService.csproj", "{2B5E5009-F4D5-4C6C-B542-5960D43D91C9}"
EndProject
Project("{FAE04EC0-301F-11D3-BF4B-00C04F79EFBC}") = "AuthService", "AuthService\AuthService.csproj", "{8BD8E797-58BC-45CF-9277-04C7B4A0EA5F}"
EndProject
Project("{2150E333-8FDC-42A3-9474-1A3956D46DE8}") = "Solution Items", "Solution Items", "{8EC462FD-D22E-90A8-E5CE-7E832BA40C5D}"
	ProjectSection(SolutionItems) = preProject
		.github\workflows\Build_FindJobNuAPI.yml = .github\workflows\Build_FindJobNuAPI.yml
		global.json = global.json
		postal_codes_da.csv = postal_codes_da.csv
		README.md = README.md
	EndProjectSection
EndProject
Project("{FAE04EC0-301F-11D3-BF4B-00C04F79EFBC}") = "JobAgentWorkerService", "JobAgentWorker\JobAgentWorkerService.csproj", "{4B783FF3-F9CA-4C06-927F-C5FB0D13FADD}"
EndProject
Project("{FAE04EC0-301F-11D3-BF4B-00C04F79EFBC}") = "FindJobNuTesting", "FindJobNuTesting\FindJobNuTesting.csproj", "{B4755294-E37F-A07F-237C-BB61371E2865}"
EndProject
Project("{FAE04EC0-301F-11D3-BF4B-00C04F79EFBC}") = "SharedInfrastructure", "SharedInfrastructure\SharedInfrastructure.csproj", "{68EC06B9-92F7-2F4A-6E74-14E3B1190CF0}"
EndProject
Global
	GlobalSection(SolutionConfigurationPlatforms) = preSolution
		Debug|Any CPU = Debug|Any CPU
		Release|Any CPU = Release|Any CPU
	EndGlobalSection
	GlobalSection(ProjectConfigurationPlatforms) = postSolution
		{2B5E5009-F4D5-4C6C-B542-5960D43D91C9}.Debug|Any CPU.ActiveCfg = Debug|Any CPU
		{2B5E5009-F4D5-4C6C-B542-5960D43D91C9}.Debug|Any CPU.Build.0 = Debug|Any CPU
		{2B5E5009-F4D5-4C6C-B542-5960D43D91C9}.Release|Any CPU.ActiveCfg = Release|Any CPU
		{2B5E5009-F4D5-4C6C-B542-5960D43D91C9}.Release|Any CPU.Build.0 = Release|Any CPU
		{8BD8E797-58BC-45CF-9277-04C7B4A0EA5F}.Debug|Any CPU.ActiveCfg = Debug|Any CPU
		{8BD8E797-58BC-45CF-9277-04C7B4A0EA5F}.Debug|Any CPU.Build.0 = Debug|Any CPU
		{8BD8E797-58BC-45CF-9277-04C7B4A0EA5F}.Release|Any CPU.ActiveCfg = Release|Any CPU
		{8BD8E797-58BC-45CF-9277-04C7B4A0EA5F}.Release|Any CPU.Build.0 = Release|Any CPU
		{4B783FF3-F9CA-4C06-927F-C5FB0D13FADD}.Debug|Any CPU.ActiveCfg = Debug|Any CPU
		{4B783FF3-F9CA-4C06-927F-C5FB0D13FADD}.Debug|Any CPU.Build.0 = Debug|Any CPU
		{4B783FF3-F9CA-4C06-927F-C5FB0D13FADD}.Release|Any CPU.ActiveCfg = Release|Any CPU
		{4B783FF3-F9CA-4C06-927F-C5FB0D13FADD}.Release|Any CPU.Build.0 = Release|Any CPU
		{B4755294-E37F-A07F-237C-BB61371E2865}.Debug|Any CPU.ActiveCfg = Debug|Any CPU
		{B4755294-E37F-A07F-237C-BB61371E2865}.Debug|Any CPU.Build.0 = Debug|Any CPU
		{B4755294-E37F-A07F-237C-BB61371E2865}.Release|Any CPU.ActiveCfg = Release|Any CPU
		{B4755294-E37F-A07F-237C-BB61371E2865}.Release|Any CPU.Build.0 = Release|Any CPU
		{68EC06B9-92F7-2F4A-6E74-14E3B1190CF0}.Debug|Any CPU.ActiveCfg = Debug|Any CPU
		{68EC06B9-92F7-2F4A-6E74-14E3B1190CF0}.Debug|Any CPU.Build.0 = Debug|Any CPU
		{68EC06B9-92F7-2F4A-6E74-14E3B1190CF0}.Release|Any CPU.ActiveCfg = Release|Any CPU
		{68EC06B9-92F7-2F4A-6E74-14E3B1190CF0}.Release|Any CPU.Build.0 = Release|Any CPU
	EndGlobalSection
	GlobalSection(SolutionProperties) = preSolution
		HideSolutionNode = FALSE
	EndGlobalSection
	GlobalSection(ExtensibilityGlobals) = postSolution
		SolutionGuid = {78365F1A-83AC-473B-B4DC-DD802312E8C9}
	EndGlobalSection
EndGlobal
